
Microsoft Visual Studio Solution File, Format Version 12.00
# Visual Studio Version 17
VisualStudioVersion = 17.0.31912.275
MinimumVisualStudioVersion = 10.0.40219.1
Project("{FAE04EC0-301F-11D3-BF4B-00C04F79EFBC}") = "Dapper.Example", "Dapper.Example\Dapper.Example.csproj", "{1694498F-1B04-4535-8744-D54635EF6932}"
EndProject
Global
	GlobalSection(SolutionConfigurationPlatforms) = preSolution
		Debug|Any CPU = Debug|Any CPU
		Release|Any CPU = Release|Any CPU
	EndGlobalSection
	GlobalSection(ProjectConfigurationPlatforms) = postSolution
		{1694498F-1B04-4535-8744-D54635EF6932}.Debug|Any CPU.ActiveCfg = Debug|Any CPU
		{1694498F-1B04-4535-8744-D54635EF6932}.Debug|Any CPU.Build.0 = Debug|Any CPU
		{1694498F-1B04-4535-8744-D54635EF6932}.Release|Any CPU.ActiveCfg = Release|Any CPU
		{1694498F-1B04-4535-8744-D54635EF6932}.Release|Any CPU.Build.0 = Release|Any CPU
	EndGlobalSection
	GlobalSection(SolutionProperties) = preSolution
		HideSolutionNode = FALSE
	EndGlobalSection
	GlobalSection(ExtensibilityGlobals) = postSolution
		SolutionGuid = {58BFFFC6-159E-4DE9-816F-C159B7D159E4}
	EndGlobalSection
EndGlobal
